
Microsoft Visual Studio Solution File, Format Version 12.00
# Visual Studio Version 17
VisualStudioVersion = 17.12.35521.163
MinimumVisualStudioVersion = 10.0.40219.1
Project("{FAE04EC0-301F-11D3-BF4B-00C04F79EFBC}") = "WpfHobbies", "WpfHobbies\WpfHobbies.csproj", "{0EB4D92F-B27E-4CC1-96B6-AF530D260A8D}"
EndProject
Project("{2150E333-8FDC-42A3-9474-1A3956D46DE8}") = "Screenshots", "Screenshots", "{6352146A-7D43-4D3A-BE31-69888147A901}"
	ProjectSection(SolutionItems) = preProject
		..\..\Users\pontu\OneDrive\Desktop\WPF.jpg = ..\..\Users\pontu\OneDrive\Desktop\WPF.jpg
	EndProjectSection
EndProject
Global
	GlobalSection(SolutionConfigurationPlatforms) = preSolution
		Debug|Any CPU = Debug|Any CPU
		Release|Any CPU = Release|Any CPU
	EndGlobalSection
	GlobalSection(ProjectConfigurationPlatforms) = postSolution
		{0EB4D92F-B27E-4CC1-96B6-AF530D260A8D}.Debug|Any CPU.ActiveCfg = Debug|Any CPU
		{0EB4D92F-B27E-4CC1-96B6-AF530D260A8D}.Debug|Any CPU.Build.0 = Debug|Any CPU
		{0EB4D92F-B27E-4CC1-96B6-AF530D260A8D}.Release|Any CPU.ActiveCfg = Release|Any CPU
		{0EB4D92F-B27E-4CC1-96B6-AF530D260A8D}.Release|Any CPU.Build.0 = Release|Any CPU
	EndGlobalSection
	GlobalSection(SolutionProperties) = preSolution
		HideSolutionNode = FALSE
	EndGlobalSection
EndGlobal
